
Microsoft Visual Studio Solution File, Format Version 12.00
# Visual Studio 14
VisualStudioVersion = 14.0.25123.0
MinimumVisualStudioVersion = 10.0.40219.1
Project("{2150E333-8FDC-42A3-9474-1A3956D46DE8}") = "src", "src", "{96EF3C0F-CFE6-40CB-8073-9D5BC69ADE25}"
EndProject
Project("{2150E333-8FDC-42A3-9474-1A3956D46DE8}") = "Solution Items", "Solution Items", "{F432B85F-4EDF-4E6F-B327-40554A6A0D45}"
	ProjectSection(SolutionItems) = preProject
		global.json = global.json
		packageLocalNuget.ps1 = packageLocalNuget.ps1
		packageNuget.ps1 = packageNuget.ps1
		Prebuild.ps1 = Prebuild.ps1
		README.md = README.md
		setBuildVersion.ps1 = setBuildVersion.ps1
	EndProjectSection
EndProject
Project("{8BB2217D-0F2D-49D1-97BC-3654ED321F3B}") = "MicroserviceAnalytics.Core", "src\MicroserviceAnalytics.Core\MicroserviceAnalytics.Core.xproj", "{44884012-1D2D-4D09-A5B3-2B78AA868FD7}"
EndProject
Project("{8BB2217D-0F2D-49D1-97BC-3654ED321F3B}") = "MicroserviceAnalytics.Ado", "src\MicroserviceAnalytics.Ado\MicroserviceAnalytics.Ado.xproj", "{60BD1293-CCC2-40C0-BC1E-F1CC5F7190FD}"
EndProject
Project("{8BB2217D-0F2D-49D1-97BC-3654ED321F3B}") = "MicroserviceAnalytics.GenericDotNet", "src\MicroserviceAnalytics.GenericDotNet\MicroserviceAnalytics.GenericDotNet.xproj", "{4AD9CD61-2407-49F5-82FE-099C48B13C4A}"
EndProject
Project("{8BB2217D-0F2D-49D1-97BC-3654ED321F3B}") = "MicroserviceAnalytics.EF6", "src\MicroserviceAnalytics.EF6\MicroserviceAnalytics.EF6.xproj", "{7EE03344-F353-4F8B-AF13-DF1F548613B0}"
EndProject
Project("{8BB2217D-0F2D-49D1-97BC-3654ED321F3B}") = "MicroserviceAnalytics.AspNet4", "src\MicroserviceAnalytics.AspNet4\MicroserviceAnalytics.AspNet4.xproj", "{F5AE6C6C-FC7F-45F2-9CB5-689F3B64DF7B}"
EndProject
Project("{8BB2217D-0F2D-49D1-97BC-3654ED321F3B}") = "MicroserviceAnalytics.WebAPI2", "src\MicroserviceAnalytics.WebAPI2\MicroserviceAnalytics.WebAPI2.xproj", "{8917C3CC-970D-4687-96D6-EECADB37DC29}"
EndProject
Project("{8BB2217D-0F2D-49D1-97BC-3654ED321F3B}") = "MicroserviceAnalytics.MVC5", "src\MicroserviceAnalytics.MVC5\MicroserviceAnalytics.MVC5.xproj", "{AD5903DF-507F-4DAA-B6A2-F65DFB388A14}"
EndProject
Project("{8BB2217D-0F2D-49D1-97BC-3654ED321F3B}") = "MicroserviceAnalytics.Serilog", "src\MicroserviceAnalytics.Serilog\MicroserviceAnalytics.Serilog.xproj", "{A0A245CA-7E6C-4492-B774-9F718035AAFC}"
EndProject
Project("{8BB2217D-0F2D-49D1-97BC-3654ED321F3B}") = "MicroserviceAnalytics.OWIN", "src\MicroserviceAnalytics.OWIN\MicroserviceAnalytics.OWIN.xproj", "{00EAB0BD-78C6-45B0-B047-F1EAAF0A101B}"
EndProject
Project("{2150E333-8FDC-42A3-9474-1A3956D46DE8}") = "Samples", "Samples", "{C99EEFB7-0416-4DE0-AD31-3BEB4CD88B8D}"
EndProject
Project("{FAE04EC0-301F-11D3-BF4B-00C04F79EFBC}") = "MVC4.Sample", "samples\MVC4.Sample\MVC4.Sample.csproj", "{16061A4D-0A68-4327-9DCA-6E7987D8A56C}"
EndProject
Project("{2150E333-8FDC-42A3-9474-1A3956D46DE8}") = "tests", "tests", "{EB8A30D7-FCEE-407F-A6DA-DDD28431103A}"
EndProject
Project("{8BB2217D-0F2D-49D1-97BC-3654ED321F3B}") = "MicroserviceAnalytics.TraceListener.Tests", "tests\MicroserviceAnalytics.TraceListener.Tests\MicroserviceAnalytics.TraceListener.Tests.xproj", "{740C66E0-5449-48F6-B4A5-27B91C737300}"
EndProject
Project("{8BB2217D-0F2D-49D1-97BC-3654ED321F3B}") = "MicroserviceAnalytics.TraceListener", "src\MicroserviceAnalytics.TraceListener\MicroserviceAnalytics.TraceListener.xproj", "{A83DD678-7DF9-4533-834D-DE3885DAE210}"
EndProject
Global
	GlobalSection(SolutionConfigurationPlatforms) = preSolution
		Debug|Any CPU = Debug|Any CPU
		Release|Any CPU = Release|Any CPU
	EndGlobalSection
	GlobalSection(ProjectConfigurationPlatforms) = postSolution
		{44884012-1D2D-4D09-A5B3-2B78AA868FD7}.Debug|Any CPU.ActiveCfg = Debug|Any CPU
		{44884012-1D2D-4D09-A5B3-2B78AA868FD7}.Debug|Any CPU.Build.0 = Debug|Any CPU
		{44884012-1D2D-4D09-A5B3-2B78AA868FD7}.Release|Any CPU.ActiveCfg = Release|Any CPU
		{44884012-1D2D-4D09-A5B3-2B78AA868FD7}.Release|Any CPU.Build.0 = Release|Any CPU
		{60BD1293-CCC2-40C0-BC1E-F1CC5F7190FD}.Debug|Any CPU.ActiveCfg = Debug|Any CPU
		{60BD1293-CCC2-40C0-BC1E-F1CC5F7190FD}.Debug|Any CPU.Build.0 = Debug|Any CPU
		{60BD1293-CCC2-40C0-BC1E-F1CC5F7190FD}.Release|Any CPU.ActiveCfg = Release|Any CPU
		{60BD1293-CCC2-40C0-BC1E-F1CC5F7190FD}.Release|Any CPU.Build.0 = Release|Any CPU
		{4AD9CD61-2407-49F5-82FE-099C48B13C4A}.Debug|Any CPU.ActiveCfg = Debug|Any CPU
		{4AD9CD61-2407-49F5-82FE-099C48B13C4A}.Debug|Any CPU.Build.0 = Debug|Any CPU
		{4AD9CD61-2407-49F5-82FE-099C48B13C4A}.Release|Any CPU.ActiveCfg = Release|Any CPU
		{4AD9CD61-2407-49F5-82FE-099C48B13C4A}.Release|Any CPU.Build.0 = Release|Any CPU
		{7EE03344-F353-4F8B-AF13-DF1F548613B0}.Debug|Any CPU.ActiveCfg = Debug|Any CPU
		{7EE03344-F353-4F8B-AF13-DF1F548613B0}.Debug|Any CPU.Build.0 = Debug|Any CPU
		{7EE03344-F353-4F8B-AF13-DF1F548613B0}.Release|Any CPU.ActiveCfg = Release|Any CPU
		{7EE03344-F353-4F8B-AF13-DF1F548613B0}.Release|Any CPU.Build.0 = Release|Any CPU
		{F5AE6C6C-FC7F-45F2-9CB5-689F3B64DF7B}.Debug|Any CPU.ActiveCfg = Debug|Any CPU
		{F5AE6C6C-FC7F-45F2-9CB5-689F3B64DF7B}.Debug|Any CPU.Build.0 = Debug|Any CPU
		{F5AE6C6C-FC7F-45F2-9CB5-689F3B64DF7B}.Release|Any CPU.ActiveCfg = Release|Any CPU
		{F5AE6C6C-FC7F-45F2-9CB5-689F3B64DF7B}.Release|Any CPU.Build.0 = Release|Any CPU
		{8917C3CC-970D-4687-96D6-EECADB37DC29}.Debug|Any CPU.ActiveCfg = Debug|Any CPU
		{8917C3CC-970D-4687-96D6-EECADB37DC29}.Debug|Any CPU.Build.0 = Debug|Any CPU
		{8917C3CC-970D-4687-96D6-EECADB37DC29}.Release|Any CPU.ActiveCfg = Release|Any CPU
		{8917C3CC-970D-4687-96D6-EECADB37DC29}.Release|Any CPU.Build.0 = Release|Any CPU
		{AD5903DF-507F-4DAA-B6A2-F65DFB388A14}.Debug|Any CPU.ActiveCfg = Debug|Any CPU
		{AD5903DF-507F-4DAA-B6A2-F65DFB388A14}.Debug|Any CPU.Build.0 = Debug|Any CPU
		{AD5903DF-507F-4DAA-B6A2-F65DFB388A14}.Release|Any CPU.ActiveCfg = Release|Any CPU
		{AD5903DF-507F-4DAA-B6A2-F65DFB388A14}.Release|Any CPU.Build.0 = Release|Any CPU
		{A0A245CA-7E6C-4492-B774-9F718035AAFC}.Debug|Any CPU.ActiveCfg = Debug|Any CPU
		{A0A245CA-7E6C-4492-B774-9F718035AAFC}.Debug|Any CPU.Build.0 = Debug|Any CPU
		{A0A245CA-7E6C-4492-B774-9F718035AAFC}.Release|Any CPU.ActiveCfg = Release|Any CPU
		{A0A245CA-7E6C-4492-B774-9F718035AAFC}.Release|Any CPU.Build.0 = Release|Any CPU
		{00EAB0BD-78C6-45B0-B047-F1EAAF0A101B}.Debug|Any CPU.ActiveCfg = Debug|Any CPU
		{00EAB0BD-78C6-45B0-B047-F1EAAF0A101B}.Debug|Any CPU.Build.0 = Debug|Any CPU
		{00EAB0BD-78C6-45B0-B047-F1EAAF0A101B}.Release|Any CPU.ActiveCfg = Release|Any CPU
		{00EAB0BD-78C6-45B0-B047-F1EAAF0A101B}.Release|Any CPU.Build.0 = Release|Any CPU
		{16061A4D-0A68-4327-9DCA-6E7987D8A56C}.Debug|Any CPU.ActiveCfg = Debug|Any CPU
		{16061A4D-0A68-4327-9DCA-6E7987D8A56C}.Debug|Any CPU.Build.0 = Debug|Any CPU
		{16061A4D-0A68-4327-9DCA-6E7987D8A56C}.Release|Any CPU.ActiveCfg = Release|Any CPU
		{16061A4D-0A68-4327-9DCA-6E7987D8A56C}.Release|Any CPU.Build.0 = Release|Any CPU
		{740C66E0-5449-48F6-B4A5-27B91C737300}.Debug|Any CPU.ActiveCfg = Debug|Any CPU
		{740C66E0-5449-48F6-B4A5-27B91C737300}.Debug|Any CPU.Build.0 = Debug|Any CPU
		{740C66E0-5449-48F6-B4A5-27B91C737300}.Release|Any CPU.ActiveCfg = Release|Any CPU
		{740C66E0-5449-48F6-B4A5-27B91C737300}.Release|Any CPU.Build.0 = Release|Any CPU
		{A83DD678-7DF9-4533-834D-DE3885DAE210}.Debug|Any CPU.ActiveCfg = Debug|Any CPU
		{A83DD678-7DF9-4533-834D-DE3885DAE210}.Debug|Any CPU.Build.0 = Debug|Any CPU
		{A83DD678-7DF9-4533-834D-DE3885DAE210}.Release|Any CPU.ActiveCfg = Release|Any CPU
		{A83DD678-7DF9-4533-834D-DE3885DAE210}.Release|Any CPU.Build.0 = Release|Any CPU
	EndGlobalSection
	GlobalSection(SolutionProperties) = preSolution
		HideSolutionNode = FALSE
	EndGlobalSection
	GlobalSection(NestedProjects) = preSolution
		{44884012-1D2D-4D09-A5B3-2B78AA868FD7} = {96EF3C0F-CFE6-40CB-8073-9D5BC69ADE25}
		{60BD1293-CCC2-40C0-BC1E-F1CC5F7190FD} = {96EF3C0F-CFE6-40CB-8073-9D5BC69ADE25}
		{4AD9CD61-2407-49F5-82FE-099C48B13C4A} = {96EF3C0F-CFE6-40CB-8073-9D5BC69ADE25}
		{7EE03344-F353-4F8B-AF13-DF1F548613B0} = {96EF3C0F-CFE6-40CB-8073-9D5BC69ADE25}
		{F5AE6C6C-FC7F-45F2-9CB5-689F3B64DF7B} = {96EF3C0F-CFE6-40CB-8073-9D5BC69ADE25}
		{8917C3CC-970D-4687-96D6-EECADB37DC29} = {96EF3C0F-CFE6-40CB-8073-9D5BC69ADE25}
		{AD5903DF-507F-4DAA-B6A2-F65DFB388A14} = {96EF3C0F-CFE6-40CB-8073-9D5BC69ADE25}
		{A0A245CA-7E6C-4492-B774-9F718035AAFC} = {96EF3C0F-CFE6-40CB-8073-9D5BC69ADE25}
		{00EAB0BD-78C6-45B0-B047-F1EAAF0A101B} = {96EF3C0F-CFE6-40CB-8073-9D5BC69ADE25}
		{16061A4D-0A68-4327-9DCA-6E7987D8A56C} = {C99EEFB7-0416-4DE0-AD31-3BEB4CD88B8D}
		{740C66E0-5449-48F6-B4A5-27B91C737300} = {EB8A30D7-FCEE-407F-A6DA-DDD28431103A}
		{A83DD678-7DF9-4533-834D-DE3885DAE210} = {96EF3C0F-CFE6-40CB-8073-9D5BC69ADE25}
	EndGlobalSection
EndGlobal
